
Microsoft Visual Studio Solution File, Format Version 12.00
# Visual Studio 15
VisualStudioVersion = 15.0.28010.2050
MinimumVisualStudioVersion = 10.0.40219.1
Project("{FAE04EC0-301F-11D3-BF4B-00C04F79EFBC}") = "file_storage_server", "file_storage_server\file_storage_server.csproj", "{2808C38F-FEDA-4442-8B36-03CB1F7DA5DA}"
EndProject
Project("{FAE04EC0-301F-11D3-BF4B-00C04F79EFBC}") = "file_storage_client", "file_storage_client\file_storage_client.csproj", "{9E564494-67E4-41B9-9786-327C8ACB8B2B}"
EndProject
Global
	GlobalSection(SolutionConfigurationPlatforms) = preSolution
		Debug|Any CPU = Debug|Any CPU
		Release|Any CPU = Release|Any CPU
	EndGlobalSection
	GlobalSection(ProjectConfigurationPlatforms) = postSolution
		{2808C38F-FEDA-4442-8B36-03CB1F7DA5DA}.Debug|Any CPU.ActiveCfg = Debug|Any CPU
		{2808C38F-FEDA-4442-8B36-03CB1F7DA5DA}.Debug|Any CPU.Build.0 = Debug|Any CPU
		{2808C38F-FEDA-4442-8B36-03CB1F7DA5DA}.Release|Any CPU.ActiveCfg = Release|Any CPU
		{2808C38F-FEDA-4442-8B36-03CB1F7DA5DA}.Release|Any CPU.Build.0 = Release|Any CPU
		{9E564494-67E4-41B9-9786-327C8ACB8B2B}.Debug|Any CPU.ActiveCfg = Debug|Any CPU
		{9E564494-67E4-41B9-9786-327C8ACB8B2B}.Debug|Any CPU.Build.0 = Debug|Any CPU
		{9E564494-67E4-41B9-9786-327C8ACB8B2B}.Release|Any CPU.ActiveCfg = Release|Any CPU
		{9E564494-67E4-41B9-9786-327C8ACB8B2B}.Release|Any CPU.Build.0 = Release|Any CPU
	EndGlobalSection
	GlobalSection(SolutionProperties) = preSolution
		HideSolutionNode = FALSE
	EndGlobalSection
	GlobalSection(ExtensibilityGlobals) = postSolution
		SolutionGuid = {B639B8C4-CCEF-48A6-A0F2-335BB817A3C6}
	EndGlobalSection
EndGlobal
